
Microsoft Visual Studio Solution File, Format Version 12.00
# Visual Studio Version 17
VisualStudioVersion = 17.1.32421.90
MinimumVisualStudioVersion = 10.0.40219.1
Project("{8BC9CEB8-8B4A-11D0-8D11-00A0C91BC942}") = "localBinaryCuda", "localBinaryCuda.vcxproj", "{09CEF843-3889-37C0-8B49-F77250D1EC92}"
EndProject
Global
	GlobalSection(SolutionConfigurationPlatforms) = preSolution
		Debug|x64 = Debug|x64
		Release|x64 = Release|x64
	EndGlobalSection
	GlobalSection(ProjectConfigurationPlatforms) = postSolution
		{09CEF843-3889-37C0-8B49-F77250D1EC92}.Debug|x64.ActiveCfg = Debug|x64
		{09CEF843-3889-37C0-8B49-F77250D1EC92}.Debug|x64.Build.0 = Debug|x64
		{09CEF843-3889-37C0-8B49-F77250D1EC92}.Release|x64.ActiveCfg = Release|x64
		{09CEF843-3889-37C0-8B49-F77250D1EC92}.Release|x64.Build.0 = Release|x64
	EndGlobalSection
	GlobalSection(SolutionProperties) = preSolution
		HideSolutionNode = FALSE
	EndGlobalSection
	GlobalSection(ExtensibilityGlobals) = postSolution
		SolutionGuid = {1C54183C-FDD6-4508-85D1-9AE406A7AC9C}
	EndGlobalSection
EndGlobal
